{
  "name": "final",
  "lockfileVersion": 3,
  "requires": true,
  "packages": {
    "": {
      "dependencies": {
        "grapesjs-preset-webpage": "^1.0.2"
      }
    },
    "node_modules/grapesjs-preset-webpage": {
      "version": "1.0.2",
      "resolved": "https://registry.npmjs.org/grapesjs-preset-webpage/-/grapesjs-preset-webpage-1.0.2.tgz",
      "integrity": "sha512-5sCBqYZ6zAXdE6Qbn0VxPkEGCrs32pZ7JP+okbxioo+7br1Yp/NMzlBs8+WB13vgVre3CCI+gjzpkJ4xIPcmXg=="
    }
  }
}
